
Microsoft Visual Studio Solution File, Format Version 12.00
# Visual Studio Version 17
VisualStudioVersion = 17.12.35707.178 d17.12
MinimumVisualStudioVersion = 10.0.40219.1
Project("{FAE04EC0-301F-11D3-BF4B-00C04F79EFBC}") = "CraftIQ.Inventory.API", "CraftIQ.Inventory.API\CraftIQ.Inventory.API.csproj", "{91EABD8D-CFAC-4D2A-B5F0-AB31893BB97B}"
EndProject
Project("{FAE04EC0-301F-11D3-BF4B-00C04F79EFBC}") = "CraftIQ.Inventory.Core", "CraftIQ.Inventory.Core\CraftIQ.Inventory.Core.csproj", "{0F8A5CED-4AC7-4392-8DE2-199961386D7F}"
EndProject
Project("{FAE04EC0-301F-11D3-BF4B-00C04F79EFBC}") = "CraftIQ.Inventory.Services", "CraftIQ.Inventory.Services\CraftIQ.Inventory.Services.csproj", "{61A5C4E7-5FD9-4965-BEEC-E6B4C6F62A55}"
EndProject
Project("{FAE04EC0-301F-11D3-BF4B-00C04F79EFBC}") = "CraftIQ.Inventory.Infrastructure", "CraftIQ.Inventory.Infrastructure\CraftIQ.Inventory.Infrastructure.csproj", "{735C47D8-B561-423F-98CF-6F056BF869CD}"
EndProject
Project("{FAE04EC0-301F-11D3-BF4B-00C04F79EFBC}") = "CraftIQ.Inventory.Shared", "CraftIQ.Inventory.Shared\CraftIQ.Inventory.Shared.csproj", "{DD5C9A89-2A9A-45DD-BA03-F2E50BC7419D}"
EndProject
Global
	GlobalSection(SolutionConfigurationPlatforms) = preSolution
		Debug|Any CPU = Debug|Any CPU
		Release|Any CPU = Release|Any CPU
	EndGlobalSection
	GlobalSection(ProjectConfigurationPlatforms) = postSolution
		{91EABD8D-CFAC-4D2A-B5F0-AB31893BB97B}.Debug|Any CPU.ActiveCfg = Debug|Any CPU
		{91EABD8D-CFAC-4D2A-B5F0-AB31893BB97B}.Debug|Any CPU.Build.0 = Debug|Any CPU
		{91EABD8D-CFAC-4D2A-B5F0-AB31893BB97B}.Release|Any CPU.ActiveCfg = Release|Any CPU
		{91EABD8D-CFAC-4D2A-B5F0-AB31893BB97B}.Release|Any CPU.Build.0 = Release|Any CPU
		{0F8A5CED-4AC7-4392-8DE2-199961386D7F}.Debug|Any CPU.ActiveCfg = Debug|Any CPU
		{0F8A5CED-4AC7-4392-8DE2-199961386D7F}.Debug|Any CPU.Build.0 = Debug|Any CPU
		{0F8A5CED-4AC7-4392-8DE2-199961386D7F}.Release|Any CPU.ActiveCfg = Release|Any CPU
		{0F8A5CED-4AC7-4392-8DE2-199961386D7F}.Release|Any CPU.Build.0 = Release|Any CPU
		{61A5C4E7-5FD9-4965-BEEC-E6B4C6F62A55}.Debug|Any CPU.ActiveCfg = Debug|Any CPU
		{61A5C4E7-5FD9-4965-BEEC-E6B4C6F62A55}.Debug|Any CPU.Build.0 = Debug|Any CPU
		{61A5C4E7-5FD9-4965-BEEC-E6B4C6F62A55}.Release|Any CPU.ActiveCfg = Release|Any CPU
		{61A5C4E7-5FD9-4965-BEEC-E6B4C6F62A55}.Release|Any CPU.Build.0 = Release|Any CPU
		{735C47D8-B561-423F-98CF-6F056BF869CD}.Debug|Any CPU.ActiveCfg = Debug|Any CPU
		{735C47D8-B561-423F-98CF-6F056BF869CD}.Debug|Any CPU.Build.0 = Debug|Any CPU
		{735C47D8-B561-423F-98CF-6F056BF869CD}.Release|Any CPU.ActiveCfg = Release|Any CPU
		{735C47D8-B561-423F-98CF-6F056BF869CD}.Release|Any CPU.Build.0 = Release|Any CPU
		{DD5C9A89-2A9A-45DD-BA03-F2E50BC7419D}.Debug|Any CPU.ActiveCfg = Debug|Any CPU
		{DD5C9A89-2A9A-45DD-BA03-F2E50BC7419D}.Debug|Any CPU.Build.0 = Debug|Any CPU
		{DD5C9A89-2A9A-45DD-BA03-F2E50BC7419D}.Release|Any CPU.ActiveCfg = Release|Any CPU
		{DD5C9A89-2A9A-45DD-BA03-F2E50BC7419D}.Release|Any CPU.Build.0 = Release|Any CPU
	EndGlobalSection
	GlobalSection(SolutionProperties) = preSolution
		HideSolutionNode = FALSE
	EndGlobalSection
EndGlobal
